<?xml version="1.0" encoding="utf-8"?>
<Project ToolsVersion="4.0" xmlns="http://schemas.microsoft.com/developer/msbuild/2003">
  <ItemGroup>
    <Filter Include="Source Files">
      <UniqueIdentifier>{4FC737F1-C7A5-4376-A066-2A32D752A2FF}</UniqueIdentifier>
      <Extensions>cpp;cxx;c;def</Extensions>
    </Filter>
    <Filter Include="Resource Files">
      <UniqueIdentifier>{D9D6E242-F8AF-46E4-B9FD-80ECBC20BA3E}</UniqueIdentifier>
      <Extensions>qrc;*</Extensions>
      <ParseFiles>false</ParseFiles>
    </Filter>
    <Filter Include="Generated Files">
      <UniqueIdentifier>{71ED8ED8-ACB9-4CE9-BBE1-E00B30144E11}</UniqueIdentifier>
      <Extensions>moc;h;cpp</Extensions>
      <SourceControlFiles>False</SourceControlFiles>
    </Filter>
    <Filter Include="Generated Files\Debug">
      <UniqueIdentifier>{27a62733-ddfc-4bac-8355-16ebf9c04fbf}</UniqueIdentifier>
      <Extensions>cpp;moc</Extensions>
      <SourceControlFiles>False</SourceControlFiles>
    </Filter>
    <Filter Include="Generated Files\Release">
      <UniqueIdentifier>{b5b647e8-1073-4b83-a21e-00f61c69b7dd}</UniqueIdentifier>
      <Extensions>cpp;moc</Extensions>
      <SourceControlFiles>False</SourceControlFiles>
    </Filter>
    <Filter Include="Ui">
      <UniqueIdentifier>{baadfeff-42f1-4aef-b483-fb4555286e74}</UniqueIdentifier>
    </Filter>
    <Filter Include="Ui\Design">
      <UniqueIdentifier>{37dcf37c-17e0-4aa4-8dec-bccddce9f2d2}</UniqueIdentifier>
    </Filter>
  </ItemGroup>
  <ItemGroup>
    <ClCompile Include="main.cpp">
      <Filter>Source Files</Filter>
    </ClCompile>
    <ClCompile Include="GeneratedFiles\qrc_Adora.cpp">
      <Filter>Generated Files</Filter>
    </ClCompile>
    <ClCompile Include="Ui\Adora.cpp">
      <Filter>Ui</Filter>
    </ClCompile>
    <ClCompile Include="GeneratedFiles\Debug\moc_Adora.cpp">
      <Filter>Generated Files\Debug</Filter>
    </ClCompile>
    <ClCompile Include="GeneratedFiles\Release\moc_Adora.cpp">
      <Filter>Generated Files\Release</Filter>
    </ClCompile>
    <ClCompile Include="Ui\AdoraFrameWidget.cpp">
      <Filter>Ui</Filter>
    </ClCompile>
    <ClCompile Include="GeneratedFiles\Debug\moc_AdoraFrameWidget.cpp">
      <Filter>Generated Files\Debug</Filter>
    </ClCompile>
    <ClCompile Include="GeneratedFiles\Release\moc_AdoraFrameWidget.cpp">
      <Filter>Generated Files\Release</Filter>
    </ClCompile>
  </ItemGroup>
  <ItemGroup>
    <CustomBuild Include="Adora.qrc">
      <Filter>Resource Files</Filter>
    </CustomBuild>
    <CustomBuild Include="Ui\Adora.h">
      <Filter>Ui</Filter>
    </CustomBuild>
    <CustomBuild Include="Ui\Adora.ui">
      <Filter>Ui</Filter>
    </CustomBuild>
    <CustomBuild Include="Ui\AdoraFrameWidget.ui">
      <Filter>Ui</Filter>
    </CustomBuild>
    <CustomBuild Include="Ui\AdoraFrameWidget.h">
      <Filter>Ui</Filter>
    </CustomBuild>
  </ItemGroup>
  <ItemGroup>
    <ClInclude Include="GeneratedFiles\ui_Adora.h">
      <Filter>Generated Files</Filter>
    </ClInclude>
    <ClInclude Include="GeneratedFiles\ui_AdoraFrameWidget.h">
      <Filter>Generated Files</Filter>
    </ClInclude>
  </ItemGroup>
  <ItemGroup>
    <Image Include="Ui\Design\layout 1.jpg">
      <Filter>Ui\Design</Filter>
    </Image>
    <Image Include="Ui\Design\layout 2.jpg">
      <Filter>Ui\Design</Filter>
    </Image>
    <Image Include="Ui\Design\layout 3.jpg">
      <Filter>Ui\Design</Filter>
    </Image>
    <Image Include="Ui\Design\layout 4.jpg">
      <Filter>Ui\Design</Filter>
    </Image>
    <Image Include="Ui\Design\layout 5.jpg">
      <Filter>Ui\Design</Filter>
    </Image>
    <Image Include="Ui\Design\layout 6.jpg">
      <Filter>Ui\Design</Filter>
    </Image>
    <Image Include="Ui\Design\layout 7.jpg">
      <Filter>Ui\Design</Filter>
    </Image>
    <Image Include="Ui\Design\layout 8.jpg">
      <Filter>Ui\Design</Filter>
    </Image>
    <Image Include="Ui\Design\layout 9.jpg">
      <Filter>Ui\Design</Filter>
    </Image>
  </ItemGroup>
</Project>