<?xml version="1.0" encoding="utf-8"?>
<Project ToolsVersion="4.0" xmlns="http://schemas.microsoft.com/developer/msbuild/2003">
  <ItemGroup>
    <Filter Include="Source Files">
      <UniqueIdentifier>{4FC737F1-C7A5-4376-A066-2A32D752A2FF}</UniqueIdentifier>
      <Extensions>cpp;cxx;c;def</Extensions>
    </Filter>
    <Filter Include="Resource Files">
      <UniqueIdentifier>{D9D6E242-F8AF-46E4-B9FD-80ECBC20BA3E}</UniqueIdentifier>
      <Extensions>qrc;*</Extensions>
      <ParseFiles>false</ParseFiles>
    </Filter>
    <Filter Include="Generated Files">
      <UniqueIdentifier>{71ED8ED8-ACB9-4CE9-BBE1-E00B30144E11}</UniqueIdentifier>
      <Extensions>moc;h;cpp</Extensions>
      <SourceControlFiles>False</SourceControlFiles>
    </Filter>
    <Filter Include="Generated Files\Debug">
      <UniqueIdentifier>{27a62733-ddfc-4bac-8355-16ebf9c04fbf}</UniqueIdentifier>
      <Extensions>cpp;moc</Extensions>
      <SourceControlFiles>False</SourceControlFiles>
    </Filter>
    <Filter Include="Generated Files\Release">
      <UniqueIdentifier>{b5b647e8-1073-4b83-a21e-00f61c69b7dd}</UniqueIdentifier>
      <Extensions>cpp;moc</Extensions>
      <SourceControlFiles>False</SourceControlFiles>
    </Filter>
    <Filter Include="Ui">
      <UniqueIdentifier>{baadfeff-42f1-4aef-b483-fb4555286e74}</UniqueIdentifier>
    </Filter>
    <Filter Include="Ui\Design">
      <UniqueIdentifier>{37dcf37c-17e0-4aa4-8dec-bccddce9f2d2}</UniqueIdentifier>
    </Filter>
    <Filter Include="Base">
      <UniqueIdentifier>{0fa983dc-8dc0-4c6c-a154-edcb5efcc156}</UniqueIdentifier>
    </Filter>
    <Filter Include="Ui\Setting">
      <UniqueIdentifier>{56c0c52f-50c2-4e7e-adf0-d5d3c2b8c89b}</UniqueIdentifier>
    </Filter>
    <Filter Include="Ui\Item">
      <UniqueIdentifier>{dd7a1c1e-2f90-4596-9f56-bd27929cad7a}</UniqueIdentifier>
    </Filter>
    <Filter Include="Ui\Record">
      <UniqueIdentifier>{d0e913f9-577e-477c-ad2a-a2ba59b63ca2}</UniqueIdentifier>
    </Filter>
    <Filter Include="RecordVideo">
      <UniqueIdentifier>{bc282d35-c299-45b5-bf6f-b4b6bc2408fe}</UniqueIdentifier>
    </Filter>
    <Filter Include="RecordVideo\Chain">
      <UniqueIdentifier>{5c49eeb0-7e2f-4768-add4-a01e022e4846}</UniqueIdentifier>
    </Filter>
    <Filter Include="RecordVideo\Mode">
      <UniqueIdentifier>{f16bd443-c532-415a-bec3-a03b5b2f3e6c}</UniqueIdentifier>
    </Filter>
    <Filter Include="RecordVideo\Mode\RecordStatusMode">
      <UniqueIdentifier>{399944f5-f410-451b-8c45-9ed78659ac62}</UniqueIdentifier>
    </Filter>
    <Filter Include="RecordVideo\NotifyEvent">
      <UniqueIdentifier>{5bae2b72-a0be-462e-a026-e0642b6cdad5}</UniqueIdentifier>
    </Filter>
    <Filter Include="lib">
      <UniqueIdentifier>{6f2f06dc-a748-485b-9948-fa6de41e8f41}</UniqueIdentifier>
    </Filter>
    <Filter Include="lib\multimedia">
      <UniqueIdentifier>{6f253b53-607e-464d-9adf-be037f01660d}</UniqueIdentifier>
    </Filter>
    <Filter Include="RecordVideo\Mode\WritingMode">
      <UniqueIdentifier>{1fe1b5dd-050d-45f5-b64c-2475594ab2d0}</UniqueIdentifier>
    </Filter>
    <Filter Include="RecordVideo\Entity">
      <UniqueIdentifier>{7975d62c-d2b3-4e6d-8f3a-e111c7a1d2ed}</UniqueIdentifier>
    </Filter>
    <Filter Include="RecordVideo\Unredo">
      <UniqueIdentifier>{33e6e235-a1c6-4a61-bbfd-6c20ca162a6e}</UniqueIdentifier>
    </Filter>
    <Filter Include="RecordVideo\Entity\Visitor">
      <UniqueIdentifier>{fd13b063-ff57-4a0f-aa96-0819e0aa047e}</UniqueIdentifier>
    </Filter>
    <Filter Include="lib\ffmpeg">
      <UniqueIdentifier>{8a553c74-74f8-488e-bd68-8eee6583a816}</UniqueIdentifier>
    </Filter>
  </ItemGroup>
  <ItemGroup>
    <ClCompile Include="main.cpp">
      <Filter>Source Files</Filter>
    </ClCompile>
    <ClCompile Include="GeneratedFiles\qrc_Adora.cpp">
      <Filter>Generated Files</Filter>
    </ClCompile>
    <ClCompile Include="Ui\Adora.cpp">
      <Filter>Ui</Filter>
    </ClCompile>
    <ClCompile Include="GeneratedFiles\Debug\moc_Adora.cpp">
      <Filter>Generated Files\Debug</Filter>
    </ClCompile>
    <ClCompile Include="GeneratedFiles\Release\moc_Adora.cpp">
      <Filter>Generated Files\Release</Filter>
    </ClCompile>
    <ClCompile Include="Ui\AdoraFrameWidget.cpp">
      <Filter>Ui</Filter>
    </ClCompile>
    <ClCompile Include="GeneratedFiles\Debug\moc_AdoraFrameWidget.cpp">
      <Filter>Generated Files\Debug</Filter>
    </ClCompile>
    <ClCompile Include="GeneratedFiles\Release\moc_AdoraFrameWidget.cpp">
      <Filter>Generated Files\Release</Filter>
    </ClCompile>
    <ClCompile Include="Base\SettingManager.cpp">
      <Filter>Base</Filter>
    </ClCompile>
    <ClCompile Include="Ui\Setting\GeneralSettingWidget.cpp">
      <Filter>Ui\Setting</Filter>
    </ClCompile>
    <ClCompile Include="Ui\Setting\VideoSettingWidget.cpp">
      <Filter>Ui\Setting</Filter>
    </ClCompile>
    <ClCompile Include="Ui\Setting\AudioSettingWidget.cpp">
      <Filter>Ui\Setting</Filter>
    </ClCompile>
    <ClCompile Include="Ui\Setting\ImageSettingWidget.cpp">
      <Filter>Ui\Setting</Filter>
    </ClCompile>
    <ClCompile Include="Ui\Setting\TimeLimitSettingWidget.cpp">
      <Filter>Ui\Setting</Filter>
    </ClCompile>
    <ClCompile Include="Ui\Setting\WatermarkSettingWidget.cpp">
      <Filter>Ui\Setting</Filter>
    </ClCompile>
    <ClCompile Include="Ui\Setting\LanguageSettingWidget.cpp">
      <Filter>Ui\Setting</Filter>
    </ClCompile>
    <ClCompile Include="Ui\LicenseWidget.cpp">
      <Filter>Ui</Filter>
    </ClCompile>
    <ClCompile Include="Ui\AboutWidget.cpp">
      <Filter>Ui</Filter>
    </ClCompile>
    <ClCompile Include="GeneratedFiles\Debug\moc_LanguageSettingWidget.cpp">
      <Filter>Generated Files\Debug</Filter>
    </ClCompile>
    <ClCompile Include="GeneratedFiles\Release\moc_LanguageSettingWidget.cpp">
      <Filter>Generated Files\Release</Filter>
    </ClCompile>
    <ClCompile Include="Base\LanguageManager.cpp">
      <Filter>Base</Filter>
    </ClCompile>
    <ClCompile Include="GeneratedFiles\Debug\moc_GeneralSettingWidget.cpp">
      <Filter>Generated Files\Debug</Filter>
    </ClCompile>
    <ClCompile Include="GeneratedFiles\Release\moc_GeneralSettingWidget.cpp">
      <Filter>Generated Files\Release</Filter>
    </ClCompile>
    <ClCompile Include="GeneratedFiles\Debug\moc_VideoSettingWidget.cpp">
      <Filter>Generated Files\Debug</Filter>
    </ClCompile>
    <ClCompile Include="GeneratedFiles\Release\moc_VideoSettingWidget.cpp">
      <Filter>Generated Files\Release</Filter>
    </ClCompile>
    <ClCompile Include="GeneratedFiles\Debug\moc_TimeLimitSettingWidget.cpp">
      <Filter>Generated Files\Debug</Filter>
    </ClCompile>
    <ClCompile Include="GeneratedFiles\Release\moc_TimeLimitSettingWidget.cpp">
      <Filter>Generated Files\Release</Filter>
    </ClCompile>
    <ClCompile Include="GeneratedFiles\Debug\moc_WatermarkSettingWidget.cpp">
      <Filter>Generated Files\Debug</Filter>
    </ClCompile>
    <ClCompile Include="GeneratedFiles\Release\moc_WatermarkSettingWidget.cpp">
      <Filter>Generated Files\Release</Filter>
    </ClCompile>
    <ClCompile Include="Ui\AbstractStackWidget.cpp">
      <Filter>Ui</Filter>
    </ClCompile>
    <ClCompile Include="Ui\Item\MenuButton.cpp">
      <Filter>Ui\Item</Filter>
    </ClCompile>
    <ClCompile Include="Ui\Record\RecordVideoDialog.cpp">
      <Filter>Ui\Record</Filter>
    </ClCompile>
    <ClCompile Include="Ui\Item\HotkeyLineEdit.cpp">
      <Filter>Ui\Item</Filter>
    </ClCompile>
    <ClCompile Include="GeneratedFiles\Debug\moc_HotkeyLineEdit.cpp">
      <Filter>Generated Files\Debug</Filter>
    </ClCompile>
    <ClCompile Include="GeneratedFiles\Release\moc_HotkeyLineEdit.cpp">
      <Filter>Generated Files\Release</Filter>
    </ClCompile>
    <ClCompile Include="Base\AdoraInfo.cpp">
      <Filter>Base</Filter>
    </ClCompile>
    <ClCompile Include="Ui\Record\ControllerWidget.cpp">
      <Filter>Ui\Record</Filter>
    </ClCompile>
    <ClCompile Include="GeneratedFiles\Debug\moc_RecordVideoDialog.cpp">
      <Filter>Generated Files\Debug</Filter>
    </ClCompile>
    <ClCompile Include="GeneratedFiles\Release\moc_RecordVideoDialog.cpp">
      <Filter>Generated Files\Release</Filter>
    </ClCompile>
    <ClCompile Include="Ui\Record\RecordPanel.cpp">
      <Filter>Ui\Record</Filter>
    </ClCompile>
    <ClCompile Include="GeneratedFiles\Debug\moc_AbstractButton.cpp">
      <Filter>Generated Files\Debug</Filter>
    </ClCompile>
    <ClCompile Include="Ui\Item\AbstractButton.cpp">
      <Filter>Ui\Item</Filter>
    </ClCompile>
    <ClCompile Include="GeneratedFiles\Release\moc_AbstractButton.cpp">
      <Filter>Generated Files\Release</Filter>
    </ClCompile>
    <ClCompile Include="Ui\Record\SoundPanel.cpp">
      <Filter>Ui\Record</Filter>
    </ClCompile>
    <ClCompile Include="RecordVideo\Chain\RecordVideoChain.cpp">
      <Filter>RecordVideo\Chain</Filter>
    </ClCompile>
    <ClCompile Include="RecordVideo\Chain\RecordVideoRequest.cpp">
      <Filter>RecordVideo\Chain</Filter>
    </ClCompile>
    <ClCompile Include="RecordVideo\Chain\RecordVideoRequestStrategyFactory.cpp">
      <Filter>RecordVideo\Chain</Filter>
    </ClCompile>
    <ClCompile Include="RecordVideo\Chain\RecordVideoRequestStrategy.cpp">
      <Filter>RecordVideo\Chain</Filter>
    </ClCompile>
    <ClCompile Include="RecordVideo\Mode\RecordStatusMode\RecordStatusMode.cpp">
      <Filter>RecordVideo\Mode\RecordStatusMode</Filter>
    </ClCompile>
    <ClCompile Include="RecordVideo\NotifyEvent\RecordVideoNotifyEvent.cpp">
      <Filter>RecordVideo\NotifyEvent</Filter>
    </ClCompile>
    <ClCompile Include="RecordVideo\Mode\RecordStatusMode\RecordStatusModeFactory.cpp">
      <Filter>RecordVideo\Mode\RecordStatusMode</Filter>
    </ClCompile>
    <ClCompile Include="RecordVideo\ResizeRecordRectDelegate.cpp">
      <Filter>RecordVideo</Filter>
    </ClCompile>
    <ClCompile Include="lib\multimedia\GDIManager.cpp">
      <Filter>lib\multimedia</Filter>
    </ClCompile>
    <ClCompile Include="RecordVideo\CaptureImageDelegate.cpp">
      <Filter>RecordVideo</Filter>
    </ClCompile>
    <ClCompile Include="Base\DefaultNameByDateCreator.cpp">
      <Filter>Base</Filter>
    </ClCompile>
    <ClCompile Include="Base\Hotkey.cpp">
      <Filter>Base</Filter>
    </ClCompile>
    <ClCompile Include="Ui\Record\WritingPanel.cpp">
      <Filter>Ui\Record</Filter>
    </ClCompile>
    <ClCompile Include="RecordVideo\Mode\WritingMode\WritingMode.cpp">
      <Filter>RecordVideo\Mode\WritingMode</Filter>
    </ClCompile>
    <ClCompile Include="RecordVideo\Mode\WritingMode\CursorMode.cpp">
      <Filter>RecordVideo\Mode\WritingMode</Filter>
    </ClCompile>
    <ClCompile Include="RecordVideo\Mode\WritingMode\PencilMode.cpp">
      <Filter>RecordVideo\Mode\WritingMode</Filter>
    </ClCompile>
    <ClCompile Include="RecordVideo\Mode\WritingMode\WritingModeFactory.cpp">
      <Filter>RecordVideo\Mode\WritingMode</Filter>
    </ClCompile>
    <ClCompile Include="Ui\Record\WritingLayer.cpp">
      <Filter>Ui\Record</Filter>
    </ClCompile>
    <ClCompile Include="Ui\Record\UnredoPanel.cpp">
      <Filter>Ui\Record</Filter>
    </ClCompile>
    <ClCompile Include="RecordVideo\Entity\Entity.cpp">
      <Filter>RecordVideo\Entity</Filter>
    </ClCompile>
    <ClCompile Include="RecordVideo\Entity\EntityList.cpp">
      <Filter>RecordVideo\Entity</Filter>
    </ClCompile>
    <ClCompile Include="RecordVideo\Entity\FreeCurve.cpp">
      <Filter>RecordVideo\Entity</Filter>
    </ClCompile>
    <ClCompile Include="RecordVideo\Unredo\WritingCommand.cpp">
      <Filter>RecordVideo\Unredo</Filter>
    </ClCompile>
    <ClCompile Include="RecordVideo\Unredo\WritingUnredoStack.cpp">
      <Filter>RecordVideo\Unredo</Filter>
    </ClCompile>
    <ClCompile Include="RecordVideo\Entity\Visitor\Visitor.cpp">
      <Filter>RecordVideo\Entity\Visitor</Filter>
    </ClCompile>
    <ClCompile Include="RecordVideo\Entity\Visitor\Drawer.cpp">
      <Filter>RecordVideo\Entity\Visitor</Filter>
    </ClCompile>
    <ClCompile Include="RecordVideo\Unredo\AddEntityCommand.cpp">
      <Filter>RecordVideo\Unredo</Filter>
    </ClCompile>
    <ClCompile Include="RecordVideo\Mode\WritingMode\EraserMode.cpp">
      <Filter>RecordVideo\Mode\WritingMode</Filter>
    </ClCompile>
    <ClCompile Include="RecordVideo\Entity\Visitor\Finder.cpp">
      <Filter>RecordVideo\Entity\Visitor</Filter>
    </ClCompile>
    <ClCompile Include="RecordVideo\Unredo\RemoveEntityCommand.cpp">
      <Filter>RecordVideo\Unredo</Filter>
    </ClCompile>
    <ClCompile Include="Base\Math.cpp">
      <Filter>Base</Filter>
    </ClCompile>
    <ClCompile Include="RecordVideo\Entity\HighlightedFreeCurve.cpp">
      <Filter>RecordVideo\Entity</Filter>
    </ClCompile>
    <ClCompile Include="RecordVideo\Mode\WritingMode\HighlightMode.cpp">
      <Filter>RecordVideo\Mode\WritingMode</Filter>
    </ClCompile>
    <ClCompile Include="Ui\Setting\WritingSettingWidget.cpp">
      <Filter>Ui\Setting</Filter>
    </ClCompile>
    <ClCompile Include="RecordVideo\Entity\LineSegment.cpp">
      <Filter>RecordVideo\Entity</Filter>
    </ClCompile>
    <ClCompile Include="RecordVideo\Mode\WritingMode\LineMode.cpp">
      <Filter>RecordVideo\Mode\WritingMode</Filter>
    </ClCompile>
    <ClCompile Include="RecordVideo\Entity\ArrowLineSegment.cpp">
      <Filter>RecordVideo\Entity</Filter>
    </ClCompile>
    <ClCompile Include="RecordVideo\Mode\WritingMode\ArrowLineMode.cpp">
      <Filter>RecordVideo\Mode\WritingMode</Filter>
    </ClCompile>
    <ClCompile Include="RecordVideo\Entity\Number.cpp">
      <Filter>RecordVideo\Entity</Filter>
    </ClCompile>
    <ClCompile Include="RecordVideo\Mode\WritingMode\NumberingMode.cpp">
      <Filter>RecordVideo\Mode\WritingMode</Filter>
    </ClCompile>
    <ClCompile Include="RecordVideo\WritingData.cpp">
      <Filter>RecordVideo</Filter>
    </ClCompile>
    <ClCompile Include="lib\multimedia\AudioCaptureSource.cpp">
      <Filter>lib\multimedia</Filter>
    </ClCompile>
    <ClCompile Include="GeneratedFiles\Debug\moc_AudioCaptureSource.cpp">
      <Filter>Generated Files\Debug</Filter>
    </ClCompile>
    <ClCompile Include="GeneratedFiles\Release\moc_AudioCaptureSource.cpp">
      <Filter>Generated Files\Release</Filter>
    </ClCompile>
    <ClCompile Include="lib\multimedia\AudioDeviceList.cpp">
      <Filter>lib\multimedia</Filter>
    </ClCompile>
    <ClCompile Include="lib\multimedia\Parameter.cpp">
      <Filter>lib\multimedia</Filter>
    </ClCompile>
    <ClCompile Include="lib\multimedia\VideoCaptureSource.cpp">
      <Filter>lib\multimedia</Filter>
    </ClCompile>
    <ClCompile Include="GeneratedFiles\Debug\moc_VideoCaptureSource.cpp">
      <Filter>Generated Files\Debug</Filter>
    </ClCompile>
    <ClCompile Include="GeneratedFiles\Release\moc_VideoCaptureSource.cpp">
      <Filter>Generated Files\Release</Filter>
    </ClCompile>
    <ClCompile Include="lib\ffmpeg\AudioFormatConverter.cpp">
      <Filter>lib\ffmpeg</Filter>
    </ClCompile>
    <ClCompile Include="lib\ffmpeg\AudioResampler.cpp">
      <Filter>lib\ffmpeg</Filter>
    </ClCompile>
    <ClCompile Include="lib\ffmpeg\CodecInfo.cpp">
      <Filter>lib\ffmpeg</Filter>
    </ClCompile>
    <ClCompile Include="lib\ffmpeg\Encoder.cpp">
      <Filter>lib\ffmpeg</Filter>
    </ClCompile>
    <ClCompile Include="lib\ffmpeg\EncodeThread.cpp">
      <Filter>lib\ffmpeg</Filter>
    </ClCompile>
    <ClCompile Include="lib\ffmpeg\Frame.cpp">
      <Filter>lib\ffmpeg</Filter>
    </ClCompile>
    <ClCompile Include="lib\ffmpeg\HwEncoder.cpp">
      <Filter>lib\ffmpeg</Filter>
    </ClCompile>
    <ClCompile Include="lib\ffmpeg\HwEncoderFinder.cpp">
      <Filter>lib\ffmpeg</Filter>
    </ClCompile>
    <ClCompile Include="lib\ffmpeg\OutputContext.cpp">
      <Filter>lib\ffmpeg</Filter>
    </ClCompile>
    <ClCompile Include="lib\ffmpeg\Packet.cpp">
      <Filter>lib\ffmpeg</Filter>
    </ClCompile>
    <ClCompile Include="lib\ffmpeg\TimeCounter.cpp">
      <Filter>lib\ffmpeg</Filter>
    </ClCompile>
    <ClCompile Include="GeneratedFiles\Debug\moc_TimeCounter.cpp">
      <Filter>Generated Files\Debug</Filter>
    </ClCompile>
    <ClCompile Include="GeneratedFiles\Release\moc_TimeCounter.cpp">
      <Filter>Generated Files\Release</Filter>
    </ClCompile>
    <ClCompile Include="lib\ffmpeg\VideoRecorder.cpp">
      <Filter>lib\ffmpeg</Filter>
    </ClCompile>
    <ClCompile Include="GeneratedFiles\Debug\moc_VideoRecorder.cpp">
      <Filter>Generated Files\Debug</Filter>
    </ClCompile>
    <ClCompile Include="GeneratedFiles\Release\moc_VideoRecorder.cpp">
      <Filter>Generated Files\Release</Filter>
    </ClCompile>
    <ClCompile Include="lib\ffmpeg\VideoScaler.cpp">
      <Filter>lib\ffmpeg</Filter>
    </ClCompile>
    <ClCompile Include="Base\Time.cpp">
      <Filter>Base</Filter>
    </ClCompile>
    <ClCompile Include="Ui\Item\AbstractSlider.cpp">
      <Filter>Ui\Item</Filter>
    </ClCompile>
    <ClCompile Include="GeneratedFiles\Debug\moc_AbstractSlider.cpp">
      <Filter>Generated Files\Debug</Filter>
    </ClCompile>
    <ClCompile Include="GeneratedFiles\Release\moc_AbstractSlider.cpp">
      <Filter>Generated Files\Release</Filter>
    </ClCompile>
    <ClCompile Include="RecordVideo\Entity\Rectangle.cpp">
      <Filter>RecordVideo\Entity</Filter>
    </ClCompile>
    <ClCompile Include="RecordVideo\Entity\Circle.cpp">
      <Filter>RecordVideo\Entity</Filter>
    </ClCompile>
    <ClCompile Include="RecordVideo\Entity\Triangle.cpp">
      <Filter>RecordVideo\Entity</Filter>
    </ClCompile>
    <ClCompile Include="Ui\Record\FigurePopupWidget.cpp">
      <Filter>Ui\Record</Filter>
    </ClCompile>
    <ClCompile Include="GeneratedFiles\Debug\moc_FigurePopupWidget.cpp">
      <Filter>Generated Files\Debug</Filter>
    </ClCompile>
    <ClCompile Include="GeneratedFiles\Release\moc_FigurePopupWidget.cpp">
      <Filter>Generated Files\Release</Filter>
    </ClCompile>
    <ClCompile Include="RecordVideo\Mode\WritingMode\RectangleMode.cpp">
      <Filter>RecordVideo\Mode\WritingMode</Filter>
    </ClCompile>
  </ItemGroup>
  <ItemGroup>
    <CustomBuild Include="Adora.qrc">
      <Filter>Resource Files</Filter>
    </CustomBuild>
    <CustomBuild Include="Ui\Adora.h">
      <Filter>Ui</Filter>
    </CustomBuild>
    <CustomBuild Include="Ui\Adora.ui">
      <Filter>Ui</Filter>
    </CustomBuild>
    <CustomBuild Include="Ui\AdoraFrameWidget.ui">
      <Filter>Ui</Filter>
    </CustomBuild>
    <CustomBuild Include="Ui\AdoraFrameWidget.h">
      <Filter>Ui</Filter>
    </CustomBuild>
    <CustomBuild Include="Ui\Setting\LanguageSettingWidget.ui">
      <Filter>Ui\Setting</Filter>
    </CustomBuild>
    <CustomBuild Include="Ui\Setting\LanguageSettingWidget.h">
      <Filter>Ui\Setting</Filter>
    </CustomBuild>
    <CustomBuild Include="Ui\Setting\GeneralSettingWidget.ui">
      <Filter>Ui\Setting</Filter>
    </CustomBuild>
    <CustomBuild Include="Ui\Setting\GeneralSettingWidget.h">
      <Filter>Ui\Setting</Filter>
    </CustomBuild>
    <CustomBuild Include="Ui\Setting\VideoSettingWidget.ui">
      <Filter>Ui\Setting</Filter>
    </CustomBuild>
    <CustomBuild Include="Ui\Setting\VideoSettingWidget.h">
      <Filter>Ui\Setting</Filter>
    </CustomBuild>
    <CustomBuild Include="Ui\Setting\AudioSettingWidget.ui">
      <Filter>Ui\Setting</Filter>
    </CustomBuild>
    <CustomBuild Include="Ui\Setting\ImageSettingWidget.ui">
      <Filter>Ui\Setting</Filter>
    </CustomBuild>
    <CustomBuild Include="Ui\Setting\TimeLimitSettingWidget.ui">
      <Filter>Ui\Setting</Filter>
    </CustomBuild>
    <CustomBuild Include="Ui\Setting\TimeLimitSettingWidget.h">
      <Filter>Ui\Setting</Filter>
    </CustomBuild>
    <CustomBuild Include="Ui\Setting\WatermarkSettingWidget.ui">
      <Filter>Ui\Setting</Filter>
    </CustomBuild>
    <CustomBuild Include="Ui\Setting\WatermarkSettingWidget.h">
      <Filter>Ui\Setting</Filter>
    </CustomBuild>
    <CustomBuild Include="Ui\LicenseWidget.ui">
      <Filter>Ui</Filter>
    </CustomBuild>
    <CustomBuild Include="Ui\AboutWidget.ui">
      <Filter>Ui</Filter>
    </CustomBuild>
    <CustomBuild Include="Ui\Item\HotkeyLineEdit.h">
      <Filter>Ui\Item</Filter>
    </CustomBuild>
    <CustomBuild Include="Ui\Record\RecordVideoDialog.h">
      <Filter>Ui\Record</Filter>
    </CustomBuild>
    <CustomBuild Include="Ui\Record\ControllerWidget.ui">
      <Filter>Ui\Record</Filter>
    </CustomBuild>
    <CustomBuild Include="Ui\Record\RecordPanel.ui">
      <Filter>Ui\Record</Filter>
    </CustomBuild>
    <CustomBuild Include="Ui\Item\AbstractButton.h">
      <Filter>Ui\Item</Filter>
    </CustomBuild>
    <CustomBuild Include="Ui\Record\SoundPanel.ui">
      <Filter>Ui\Record</Filter>
    </CustomBuild>
    <CustomBuild Include="Ui\Record\WritingPanel.ui">
      <Filter>Ui\Record</Filter>
    </CustomBuild>
    <CustomBuild Include="Ui\Record\UnredoPanel.ui">
      <Filter>Ui\Record</Filter>
    </CustomBuild>
    <CustomBuild Include="Ui\Setting\WritingSettingWidget.ui">
      <Filter>Ui\Setting</Filter>
    </CustomBuild>
    <CustomBuild Include="lib\multimedia\AudioCaptureSource.h">
      <Filter>lib\multimedia</Filter>
    </CustomBuild>
    <CustomBuild Include="lib\multimedia\VideoCaptureSource.h">
      <Filter>lib\multimedia</Filter>
    </CustomBuild>
    <CustomBuild Include="lib\ffmpeg\TimeCounter.h">
      <Filter>lib\ffmpeg</Filter>
    </CustomBuild>
    <CustomBuild Include="lib\ffmpeg\VideoRecorder.h">
      <Filter>lib\ffmpeg</Filter>
    </CustomBuild>
    <CustomBuild Include="Ui\Item\AbstractSlider.h">
      <Filter>Ui\Item</Filter>
    </CustomBuild>
    <CustomBuild Include="Ui\Record\FigurePopupWidget.ui">
      <Filter>Ui\Record</Filter>
    </CustomBuild>
    <CustomBuild Include="Ui\Record\FigurePopupWidget.h">
      <Filter>Ui\Record</Filter>
    </CustomBuild>
  </ItemGroup>
  <ItemGroup>
    <ClInclude Include="GeneratedFiles\ui_Adora.h">
      <Filter>Generated Files</Filter>
    </ClInclude>
    <ClInclude Include="GeneratedFiles\ui_AdoraFrameWidget.h">
      <Filter>Generated Files</Filter>
    </ClInclude>
    <ClInclude Include="Base\Singleton.h">
      <Filter>Base</Filter>
    </ClInclude>
    <ClInclude Include="Base\SettingManager.h">
      <Filter>Base</Filter>
    </ClInclude>
    <ClInclude Include="Ui\Setting\AudioSettingWidget.h">
      <Filter>Ui\Setting</Filter>
    </ClInclude>
    <ClInclude Include="Ui\Setting\ImageSettingWidget.h">
      <Filter>Ui\Setting</Filter>
    </ClInclude>
    <ClInclude Include="Ui\LicenseWidget.h">
      <Filter>Ui</Filter>
    </ClInclude>
    <ClInclude Include="Ui\AboutWidget.h">
      <Filter>Ui</Filter>
    </ClInclude>
    <ClInclude Include="GeneratedFiles\ui_LanguageSettingWidget.h">
      <Filter>Generated Files</Filter>
    </ClInclude>
    <ClInclude Include="Base\LanguageManager.h">
      <Filter>Base</Filter>
    </ClInclude>
    <ClInclude Include="GeneratedFiles\ui_GeneralSettingWidget.h">
      <Filter>Generated Files</Filter>
    </ClInclude>
    <ClInclude Include="GeneratedFiles\ui_VideoSettingWidget.h">
      <Filter>Generated Files</Filter>
    </ClInclude>
    <ClInclude Include="GeneratedFiles\ui_AudioSettingWidget.h">
      <Filter>Generated Files</Filter>
    </ClInclude>
    <ClInclude Include="GeneratedFiles\ui_ImageSettingWidget.h">
      <Filter>Generated Files</Filter>
    </ClInclude>
    <ClInclude Include="GeneratedFiles\ui_TimeLimitSettingWidget.h">
      <Filter>Generated Files</Filter>
    </ClInclude>
    <ClInclude Include="GeneratedFiles\ui_WatermarkSettingWidget.h">
      <Filter>Generated Files</Filter>
    </ClInclude>
    <ClInclude Include="GeneratedFiles\ui_LicenseWidget.h">
      <Filter>Generated Files</Filter>
    </ClInclude>
    <ClInclude Include="GeneratedFiles\ui_AboutWidget.h">
      <Filter>Generated Files</Filter>
    </ClInclude>
    <ClInclude Include="Ui\AbstractStackWidget.h">
      <Filter>Ui</Filter>
    </ClInclude>
    <ClInclude Include="Ui\Item\MenuButton.h">
      <Filter>Ui\Item</Filter>
    </ClInclude>
    <ClInclude Include="Base\AdoraInfo.h">
      <Filter>Base</Filter>
    </ClInclude>
    <ClInclude Include="Ui\Record\ControllerWidget.h">
      <Filter>Ui\Record</Filter>
    </ClInclude>
    <ClInclude Include="GeneratedFiles\ui_ControllerWidget.h">
      <Filter>Generated Files</Filter>
    </ClInclude>
    <ClInclude Include="Ui\Record\RecordPanel.h">
      <Filter>Ui\Record</Filter>
    </ClInclude>
    <ClInclude Include="GeneratedFiles\ui_RecordPanel.h">
      <Filter>Generated Files</Filter>
    </ClInclude>
    <ClInclude Include="Ui\Record\SoundPanel.h">
      <Filter>Ui\Record</Filter>
    </ClInclude>
    <ClInclude Include="RecordVideo\Chain\RecordVideoChain.h">
      <Filter>RecordVideo\Chain</Filter>
    </ClInclude>
    <ClInclude Include="RecordVideo\Chain\RecordVideoRequest.h">
      <Filter>RecordVideo\Chain</Filter>
    </ClInclude>
    <ClInclude Include="RecordVideo\Chain\RecordVideoRequestStrategyFactory.h">
      <Filter>RecordVideo\Chain</Filter>
    </ClInclude>
    <ClInclude Include="RecordVideo\Chain\RecordVideoRequestStrategy.h">
      <Filter>RecordVideo\Chain</Filter>
    </ClInclude>
    <ClInclude Include="RecordVideo\Mode\RecordStatusMode\RecordStatusMode.h">
      <Filter>RecordVideo\Mode\RecordStatusMode</Filter>
    </ClInclude>
    <ClInclude Include="Base\Namespace.h">
      <Filter>Base</Filter>
    </ClInclude>
    <ClInclude Include="RecordVideo\NotifyEvent\RecordVideoNotifyEvent.h">
      <Filter>RecordVideo\NotifyEvent</Filter>
    </ClInclude>
    <ClInclude Include="RecordVideo\Mode\RecordStatusMode\RecordStatusModeFactory.h">
      <Filter>RecordVideo\Mode\RecordStatusMode</Filter>
    </ClInclude>
    <ClInclude Include="RecordVideo\ResizeRecordRectDelegate.h">
      <Filter>RecordVideo</Filter>
    </ClInclude>
    <ClInclude Include="lib\multimedia\GDIManager.h">
      <Filter>lib\multimedia</Filter>
    </ClInclude>
    <ClInclude Include="RecordVideo\CaptureImageDelegate.h">
      <Filter>RecordVideo</Filter>
    </ClInclude>
    <ClInclude Include="Base\DefaultNameByDateCreator.h">
      <Filter>Base</Filter>
    </ClInclude>
    <ClInclude Include="Base\Hotkey.h">
      <Filter>Base</Filter>
    </ClInclude>
    <ClInclude Include="Ui\Record\WritingPanel.h">
      <Filter>Ui\Record</Filter>
    </ClInclude>
    <ClInclude Include="GeneratedFiles\ui_SoundPanel.h">
      <Filter>Generated Files</Filter>
    </ClInclude>
    <ClInclude Include="GeneratedFiles\ui_WritingPanel.h">
      <Filter>Generated Files</Filter>
    </ClInclude>
    <ClInclude Include="RecordVideo\Mode\WritingMode\WritingMode.h">
      <Filter>RecordVideo\Mode\WritingMode</Filter>
    </ClInclude>
    <ClInclude Include="RecordVideo\Mode\WritingMode\CursorMode.h">
      <Filter>RecordVideo\Mode\WritingMode</Filter>
    </ClInclude>
    <ClInclude Include="RecordVideo\Mode\WritingMode\PencilMode.h">
      <Filter>RecordVideo\Mode\WritingMode</Filter>
    </ClInclude>
    <ClInclude Include="RecordVideo\Mode\WritingMode\WritingModeFactory.h">
      <Filter>RecordVideo\Mode\WritingMode</Filter>
    </ClInclude>
    <ClInclude Include="Ui\Record\WritingLayer.h">
      <Filter>Ui\Record</Filter>
    </ClInclude>
    <ClInclude Include="Ui\Record\UnredoPanel.h">
      <Filter>Ui\Record</Filter>
    </ClInclude>
    <ClInclude Include="GeneratedFiles\ui_UnredoPanel.h">
      <Filter>Generated Files</Filter>
    </ClInclude>
    <ClInclude Include="RecordVideo\Entity\Entity.h">
      <Filter>RecordVideo\Entity</Filter>
    </ClInclude>
    <ClInclude Include="RecordVideo\Entity\EntityList.h">
      <Filter>RecordVideo\Entity</Filter>
    </ClInclude>
    <ClInclude Include="RecordVideo\Entity\FreeCurve.h">
      <Filter>RecordVideo\Entity</Filter>
    </ClInclude>
    <ClInclude Include="RecordVideo\Unredo\WritingCommand.h">
      <Filter>RecordVideo\Unredo</Filter>
    </ClInclude>
    <ClInclude Include="RecordVideo\Unredo\WritingUnredoStack.h">
      <Filter>RecordVideo\Unredo</Filter>
    </ClInclude>
    <ClInclude Include="RecordVideo\Entity\Visitor\Visitor.h">
      <Filter>RecordVideo\Entity\Visitor</Filter>
    </ClInclude>
    <ClInclude Include="RecordVideo\Entity\Visitor\Drawer.h">
      <Filter>RecordVideo\Entity\Visitor</Filter>
    </ClInclude>
    <ClInclude Include="RecordVideo\Unredo\AddEntityCommand.h">
      <Filter>RecordVideo\Unredo</Filter>
    </ClInclude>
    <ClInclude Include="RecordVideo\Mode\WritingMode\EraserMode.h">
      <Filter>RecordVideo\Mode\WritingMode</Filter>
    </ClInclude>
    <ClInclude Include="RecordVideo\Entity\Visitor\Finder.h">
      <Filter>RecordVideo\Entity\Visitor</Filter>
    </ClInclude>
    <ClInclude Include="RecordVideo\Unredo\RemoveEntityCommand.h">
      <Filter>RecordVideo\Unredo</Filter>
    </ClInclude>
    <ClInclude Include="Base\Math.h">
      <Filter>Base</Filter>
    </ClInclude>
    <ClInclude Include="RecordVideo\Entity\HighlightedFreeCurve.h">
      <Filter>RecordVideo\Entity</Filter>
    </ClInclude>
    <ClInclude Include="RecordVideo\Mode\WritingMode\HighlightMode.h">
      <Filter>RecordVideo\Mode\WritingMode</Filter>
    </ClInclude>
    <ClInclude Include="Ui\Setting\WritingSettingWidget.h">
      <Filter>Ui\Setting</Filter>
    </ClInclude>
    <ClInclude Include="GeneratedFiles\ui_WritingSettingWidget.h">
      <Filter>Generated Files</Filter>
    </ClInclude>
    <ClInclude Include="RecordVideo\Entity\LineSegment.h">
      <Filter>RecordVideo\Entity</Filter>
    </ClInclude>
    <ClInclude Include="RecordVideo\Mode\WritingMode\LineMode.h">
      <Filter>RecordVideo\Mode\WritingMode</Filter>
    </ClInclude>
    <ClInclude Include="RecordVideo\Entity\ArrowLineSegment.h">
      <Filter>RecordVideo\Entity</Filter>
    </ClInclude>
    <ClInclude Include="RecordVideo\Mode\WritingMode\ArrowLineMode.h">
      <Filter>RecordVideo\Mode\WritingMode</Filter>
    </ClInclude>
    <ClInclude Include="RecordVideo\Entity\Number.h">
      <Filter>RecordVideo\Entity</Filter>
    </ClInclude>
    <ClInclude Include="RecordVideo\Mode\WritingMode\NumberingMode.h">
      <Filter>RecordVideo\Mode\WritingMode</Filter>
    </ClInclude>
    <ClInclude Include="RecordVideo\WritingData.h">
      <Filter>RecordVideo</Filter>
    </ClInclude>
    <ClInclude Include="lib\multimedia\AudioDeviceList.h">
      <Filter>lib\multimedia</Filter>
    </ClInclude>
    <ClInclude Include="lib\multimedia\Parameter.h">
      <Filter>lib\multimedia</Filter>
    </ClInclude>
    <ClInclude Include="lib\ffmpeg\AudioFormatConverter.h">
      <Filter>lib\ffmpeg</Filter>
    </ClInclude>
    <ClInclude Include="lib\ffmpeg\AudioResampler.h">
      <Filter>lib\ffmpeg</Filter>
    </ClInclude>
    <ClInclude Include="lib\ffmpeg\CodecInfo.h">
      <Filter>lib\ffmpeg</Filter>
    </ClInclude>
    <ClInclude Include="lib\ffmpeg\Encoder.h">
      <Filter>lib\ffmpeg</Filter>
    </ClInclude>
    <ClInclude Include="lib\ffmpeg\EncodeThread.h">
      <Filter>lib\ffmpeg</Filter>
    </ClInclude>
    <ClInclude Include="lib\ffmpeg\Frame.h">
      <Filter>lib\ffmpeg</Filter>
    </ClInclude>
    <ClInclude Include="lib\ffmpeg\HwEncoder.h">
      <Filter>lib\ffmpeg</Filter>
    </ClInclude>
    <ClInclude Include="lib\ffmpeg\HwEncoderFinder.h">
      <Filter>lib\ffmpeg</Filter>
    </ClInclude>
    <ClInclude Include="lib\ffmpeg\OutputContext.h">
      <Filter>lib\ffmpeg</Filter>
    </ClInclude>
    <ClInclude Include="lib\ffmpeg\Packet.h">
      <Filter>lib\ffmpeg</Filter>
    </ClInclude>
    <ClInclude Include="lib\ffmpeg\VideoScaler.h">
      <Filter>lib\ffmpeg</Filter>
    </ClInclude>
    <ClInclude Include="Base\Time.h">
      <Filter>Base</Filter>
    </ClInclude>
    <ClInclude Include="RecordVideo\Entity\Rectangle.h">
      <Filter>RecordVideo\Entity</Filter>
    </ClInclude>
    <ClInclude Include="RecordVideo\Entity\Circle.h">
      <Filter>RecordVideo\Entity</Filter>
    </ClInclude>
    <ClInclude Include="RecordVideo\Entity\Triangle.h">
      <Filter>RecordVideo\Entity</Filter>
    </ClInclude>
    <ClInclude Include="GeneratedFiles\ui_FigurePopupWidget.h">
      <Filter>Generated Files</Filter>
    </ClInclude>
    <ClInclude Include="RecordVideo\Mode\WritingMode\RectangleMode.h">
      <Filter>RecordVideo\Mode\WritingMode</Filter>
    </ClInclude>
  </ItemGroup>
  <ItemGroup>
    <Image Include="Ui\Design\layout 1.jpg">
      <Filter>Ui\Design</Filter>
    </Image>
    <Image Include="Ui\Design\layout 2.jpg">
      <Filter>Ui\Design</Filter>
    </Image>
    <Image Include="Ui\Design\layout 3.jpg">
      <Filter>Ui\Design</Filter>
    </Image>
    <Image Include="Ui\Design\layout 4.jpg">
      <Filter>Ui\Design</Filter>
    </Image>
    <Image Include="Ui\Design\layout 5.jpg">
      <Filter>Ui\Design</Filter>
    </Image>
    <Image Include="Ui\Design\layout 6.jpg">
      <Filter>Ui\Design</Filter>
    </Image>
    <Image Include="Ui\Design\layout 7.jpg">
      <Filter>Ui\Design</Filter>
    </Image>
    <Image Include="Ui\Design\layout 8.jpg">
      <Filter>Ui\Design</Filter>
    </Image>
    <Image Include="Ui\Design\layout 9.jpg">
      <Filter>Ui\Design</Filter>
    </Image>
  </ItemGroup>
  <ItemGroup>
    <None Include="Resources\main.qss">
      <Filter>Resource Files</Filter>
    </None>
  </ItemGroup>
</Project>